// !$*UTF8*$!
{
	archiveVersion = 1;
	classes = {
	};
	objectVersion = 52;
	objects = {

/* Begin PBXBuildFile section */
		C438D83F238C2B0D00D5B4B0 /* LaunchScreen.xib in Resources */ = {isa = PBXBuildFile; fileRef = C438D83D238C2B0D00D5B4B0 /* LaunchScreen.xib */; };
		C4BAEC6823855FE600B52987 /* AppDelegate.swift in Sources */ = {isa = PBXBuildFile; fileRef = C4BAEC6723855FE600B52987 /* AppDelegate.swift */; };
		C4BAEC6A23855FE600B52987 /* SceneDelegate.swift in Sources */ = {isa = PBXBuildFile; fileRef = C4BAEC6923855FE600B52987 /* SceneDelegate.swift */; };
		C4BAEC6C23855FE600B52987 /* ViewController.swift in Sources */ = {isa = PBXBuildFile; fileRef = C4BAEC6B23855FE600B52987 /* ViewController.swift */; };
		C4BAEC6F23855FE600B52987 /* Main.storyboard in Resources */ = {isa = PBXBuildFile; fileRef = C4BAEC6D23855FE600B52987 /* Main.storyboard */; };
		C4BAEC7123855FE700B52987 /* Assets.xcassets in Resources */ = {isa = PBXBuildFile; fileRef = C4BAEC7023855FE700B52987 /* Assets.xcassets */; };
		C4BAEC7D2385602E00B52987 /* FSLineChart in Frameworks */ = {isa = PBXBuildFile; productRef = C4BAEC7C2385602E00B52987 /* FSLineChart */; };
		C4BAEC822385607400B52987 /* ExampleChart.swift in Sources */ = {isa = PBXBuildFile; fileRef = C4BAEC802385607400B52987 /* ExampleChart.swift */; };
/* End PBXBuildFile section */

/* Begin PBXFileReference section */
		C438D83E238C2B0D00D5B4B0 /* Base */ = {isa = PBXFileReference; lastKnownFileType = file.xib; name = Base; path = Base.lproj/LaunchScreen.xib; sourceTree = "<group>"; };
		C4BAEC6423855FE600B52987 /* iOS Example.app */ = {isa = PBXFileReference; explicitFileType = wrapper.application; includeInIndex = 0; path = "iOS Example.app"; sourceTree = BUILT_PRODUCTS_DIR; };
		C4BAEC6723855FE600B52987 /* AppDelegate.swift */ = {isa = PBXFileReference; lastKnownFileType = sourcecode.swift; path = AppDelegate.swift; sourceTree = "<group>"; };
		C4BAEC6923855FE600B52987 /* SceneDelegate.swift */ = {isa = PBXFileReference; lastKnownFileType = sourcecode.swift; path = SceneDelegate.swift; sourceTree = "<group>"; };
		C4BAEC6B23855FE600B52987 /* ViewController.swift */ = {isa = PBXFileReference; lastKnownFileType = sourcecode.swift; path = ViewController.swift; sourceTree = "<group>"; };
		C4BAEC6E23855FE600B52987 /* Base */ = {isa = PBXFileReference; lastKnownFileType = file.storyboard; name = Base; path = Base.lproj/Main.storyboard; sourceTree = "<group>"; };
		C4BAEC7023855FE700B52987 /* Assets.xcassets */ = {isa = PBXFileReference; lastKnownFileType = folder.assetcatalog; path = Assets.xcassets; sourceTree = "<group>"; };
		C4BAEC7523855FE700B52987 /* Info.plist */ = {isa = PBXFileReference; lastKnownFileType = text.plist.xml; path = Info.plist; sourceTree = "<group>"; };
		C4BAEC7E2385607300B52987 /* iOS Example-Bridging-Header.h */ = {isa = PBXFileReference; lastKnownFileType = sourcecode.c.h; path = "iOS Example-Bridging-Header.h"; sourceTree = "<group>"; };
		C4BAEC802385607400B52987 /* ExampleChart.swift */ = {isa = PBXFileReference; fileEncoding = 4; lastKnownFileType = sourcecode.swift; path = ExampleChart.swift; sourceTree = "<group>"; };
/* End PBXFileReference section */

/* Begin PBXFrameworksBuildPhase section */
		C4BAEC6123855FE600B52987 /* Frameworks */ = {
			isa = PBXFrameworksBuildPhase;
			buildActionMask = 2147483647;
			files = (
				C4BAEC7D2385602E00B52987 /* FSLineChart in Frameworks */,
			);
			runOnlyForDeploymentPostprocessing = 0;
		};
/* End PBXFrameworksBuildPhase section */

/* Begin PBXGroup section */
		C4BAEC5B23855FE600B52987 = {
			isa = PBXGroup;
			children = (
				C4BAEC6623855FE600B52987 /* iOS Example */,
				C4BAEC6523855FE600B52987 /* Products */,
				C4BAEC7B2385602E00B52987 /* Frameworks */,
			);
			sourceTree = "<group>";
		};
		C4BAEC6523855FE600B52987 /* Products */ = {
			isa = PBXGroup;
			children = (
				C4BAEC6423855FE600B52987 /* iOS Example.app */,
			);
			name = Products;
			sourceTree = "<group>";
		};
		C4BAEC6623855FE600B52987 /* iOS Example */ = {
			isa = PBXGroup;
			children = (
				C438D83D238C2B0D00D5B4B0 /* LaunchScreen.xib */,
				C4BAEC802385607400B52987 /* ExampleChart.swift */,
				C4BAEC6723855FE600B52987 /* AppDelegate.swift */,
				C4BAEC6923855FE600B52987 /* SceneDelegate.swift */,
				C4BAEC6B23855FE600B52987 /* ViewController.swift */,
				C4BAEC6D23855FE600B52987 /* Main.storyboard */,
				C4BAEC7023855FE700B52987 /* Assets.xcassets */,
				C4BAEC7523855FE700B52987 /* Info.plist */,
				C4BAEC7E2385607300B52987 /* iOS Example-Bridging-Header.h */,
			);
			path = "iOS Example";
			sourceTree = "<group>";
		};
		C4BAEC7B2385602E00B52987 /* Frameworks */ = {
			isa = PBXGroup;
			children = (
			);
			name = Frameworks;
			sourceTree = "<group>";
		};
/* End PBXGroup section */

/* Begin PBXNativeTarget section */
		C4BAEC6323855FE600B52987 /* iOS Example */ = {
			isa = PBXNativeTarget;
			buildConfigurationList = C4BAEC7823855FE700B52987 /* Build configuration list for PBXNativeTarget "iOS Example" */;
			buildPhases = (
				C4BAEC6023855FE600B52987 /* Sources */,
				C4BAEC6123855FE600B52987 /* Frameworks */,
				C4BAEC6223855FE600B52987 /* Resources */,
			);
			buildRules = (
			);
			dependencies = (
			);
			name = "iOS Example";
			packageProductDependencies = (
				C4BAEC7C2385602E00B52987 /* FSLineChart */,
			);
			productName = "iOS Example";
			productReference = C4BAEC6423855FE600B52987 /* iOS Example.app */;
			productType = "com.apple.product-type.application";
		};
/* End PBXNativeTarget section */

/* Begin PBXProject section */
		C4BAEC5C23855FE600B52987 /* Project object */ = {
			isa = PBXProject;
			attributes = {
				LastSwiftUpdateCheck = 1120;
				LastUpgradeCheck = 1120;
				ORGANIZATIONNAME = "William Entriken";
				TargetAttributes = {
					C4BAEC6323855FE600B52987 = {
						CreatedOnToolsVersion = 11.2.1;
						LastSwiftMigration = 1120;
					};
				};
			};
			buildConfigurationList = C4BAEC5F23855FE600B52987 /* Build configuration list for PBXProject "iOS Example" */;
			compatibilityVersion = "Xcode 9.3";
			developmentRegion = en;
			hasScannedForEncodings = 0;
			knownRegions = (
				en,
				Base,
			);
			mainGroup = C4BAEC5B23855FE600B52987;
			productRefGroup = C4BAEC6523855FE600B52987 /* Products */;
			projectDirPath = "";
			projectRoot = "";
			targets = (
				C4BAEC6323855FE600B52987 /* iOS Example */,
			);
		};
/* End PBXProject section */

/* Begin PBXResourcesBuildPhase section */
		C4BAEC6223855FE600B52987 /* Resources */ = {
			isa = PBXResourcesBuildPhase;
			buildActionMask = 2147483647;
			files = (
				C4BAEC7123855FE700B52987 /* Assets.xcassets in Resources */,
				C438D83F238C2B0D00D5B4B0 /* LaunchScreen.xib in Resources */,
				C4BAEC6F23855FE600B52987 /* Main.storyboard in Resources */,
			);
			runOnlyForDeploymentPostprocessing = 0;
		};
/* End PBXResourcesBuildPhase section */

/* Begin PBXSourcesBuildPhase section */
		C4BAEC6023855FE600B52987 /* Sources */ = {
			isa = PBXSourcesBuildPhase;
			buildActionMask = 2147483647;
			files = (
				C4BAEC6C23855FE600B52987 /* ViewController.swift in Sources */,
				C4BAEC6823855FE600B52987 /* AppDelegate.swift in Sources */,
				C4BAEC6A23855FE600B52987 /* SceneDelegate.swift in Sources */,
				C4BAEC822385607400B52987 /* ExampleChart.swift in Sources */,
			);
			runOnlyForDeploymentPostprocessing = 0;
		};
/* End PBXSourcesBuildPhase section */

/* Begin PBXVariantGroup section */
		C438D83D238C2B0D00D5B4B0 /* LaunchScreen.xib */ = {
			isa = PBXVariantGroup;
			children = (
				C438D83E238C2B0D00D5B4B0 /* Base */,
			);
			name = LaunchScreen.xib;
			sourceTree = "<group>";
		};
		C4BAEC6D23855FE600B52987 /* Main.storyboard */ = {
			isa = PBXVariantGroup;
			children = (
				C4BAEC6E23855FE600B52987 /* Base */,
			);
			name = Main.storyboard;
			sourceTree = "<group>";
		};
/* End PBXVariantGroup section */

/* Begin XCBuildConfiguration section */
		C4BAEC7623855FE700B52987 /* Debug */ = {
			isa = XCBuildConfiguration;
			buildSettings = {
				ALWAYS_SEARCH_USER_PATHS = NO;
				CLANG_ANALYZER_NONNULL = YES;
				CLANG_ANALYZER_NUMBER_OBJECT_CONVERSION = YES_AGGRESSIVE;
				CLANG_CXX_LANGUAGE_STANDARD = "gnu++14";
				CLANG_CXX_LIBRARY = "libc++";
				CLANG_ENABLE_MODULES = YES;
				CLANG_ENABLE_OBJC_ARC = YES;
				CLANG_ENABLE_OBJC_WEAK = YES;
				CLANG_WARN_BLOCK_CAPTURE_AUTORELEASING = YES;
				CLANG_WARN_BOOL_CONVERSION = YES;
				CLANG_WARN_COMMA = YES;
				CLANG_WARN_CONSTANT_CONVERSION = YES;
				CLANG_WARN_DEPRECATED_OBJC_IMPLEMENTATIONS = YES;
				CLANG_WARN_DIRECT_OBJC_ISA_USAGE = YES_ERROR;
				CLANG_WARN_DOCUMENTATION_COMMENTS = YES;
				CLANG_WARN_EMPTY_BODY = YES;
				CLANG_WARN_ENUM_CONVERSION = YES;
				CLANG_WARN_INFINITE_RECURSION = YES;
				CLANG_WARN_INT_CONVERSION = YES;
				CLANG_WARN_NON_LITERAL_NULL_CONVERSION = YES;
				CLANG_WARN_OBJC_IMPLICIT_RETAIN_SELF = YES;
				CLANG_WARN_OBJC_LITERAL_CONVERSION = YES;
				CLANG_WARN_OBJC_ROOT_CLASS = YES_ERROR;
				CLANG_WARN_RANGE_LOOP_ANALYSIS = YES;
				CLANG_WARN_STRICT_PROTOTYPES = YES;
				CLANG_WARN_SUSPICIOUS_MOVE = YES;
				CLANG_WARN_UNGUARDED_AVAILABILITY = YES_AGGRESSIVE;
				CLANG_WARN_UNREACHABLE_CODE = YES;
				CLANG_WARN__DUPLICATE_METHOD_MATCH = YES;
				COPY_PHASE_STRIP = NO;
				DEBUG_INFORMATION_FORMAT = dwarf;
				ENABLE_STRICT_OBJC_MSGSEND = YES;
				ENABLE_TESTABILITY = YES;
				GCC_C_LANGUAGE_STANDARD = gnu11;
				GCC_DYNAMIC_NO_PIC = NO;
				GCC_NO_COMMON_BLOCKS = YES;
				GCC_OPTIMIZATION_LEVEL = 0;
				GCC_PREPROCESSOR_DEFINITIONS = (
					"DEBUG=1",
					"$(inherited)",
				);
				GCC_WARN_64_TO_32_BIT_CONVERSION = YES;
				GCC_WARN_ABOUT_RETURN_TYPE = YES_ERROR;
				GCC_WARN_UNDECLARED_SELECTOR = YES;
				GCC_WARN_UNINITIALIZED_AUTOS = YES_AGGRESSIVE;
				GCC_WARN_UNUSED_FUNCTION = YES;
				GCC_WARN_UNUSED_VARIABLE = YES;
				IPHONEOS_DEPLOYMENT_TARGET = 13.2;
				MTL_ENABLE_DEBUG_INFO = INCLUDE_SOURCE;
				MTL_FAST_MATH = YES;
				ONLY_ACTIVE_ARCH = YES;
				SDKROOT = iphoneos;
				SWIFT_ACTIVE_COMPILATION_CONDITIONS = DEBUG;
				SWIFT_OPTIMIZATION_LEVEL = "-Onone";
			};
			name = Debug;
		};
		C4BAEC7723855FE700B52987 /* Release */ = {
			isa = XCBuildConfiguration;
			buildSettings = {
				ALWAYS_SEARCH_USER_PATHS = NO;
				CLANG_ANALYZER_NONNULL = YES;
				CLANG_ANALYZER_NUMBER_OBJECT_CONVERSION = YES_AGGRESSIVE;
				CLANG_CXX_LANGUAGE_STANDARD = "gnu++14";
				CLANG_CXX_LIBRARY = "libc++";
				CLANG_ENABLE_MODULES = YES;
				CLANG_ENABLE_OBJC_ARC = YES;
				CLANG_ENABLE_OBJC_WEAK = YES;
				CLANG_WARN_BLOCK_CAPTURE_AUTORELEASING = YES;
				CLANG_WARN_BOOL_CONVERSION = YES;
				CLANG_WARN_COMMA = YES;
				CLANG_WARN_CONSTANT_CONVERSION = YES;
				CLANG_WARN_DEPRECATED_OBJC_IMPLEMENTATIONS = YES;
				CLANG_WARN_DIRECT_OBJC_ISA_USAGE = YES_ERROR;
				CLANG_WARN_DOCUMENTATION_COMMENTS = YES;
				CLANG_WARN_EMPTY_BODY = YES;
				CLANG_WARN_ENUM_CONVERSION = YES;
				CLANG_WARN_INFINITE_RECURSION = YES;
				CLANG_WARN_INT_CONVERSION = YES;
				CLANG_WARN_NON_LITERAL_NULL_CONVERSION = YES;
				CLANG_WARN_OBJC_IMPLICIT_RETAIN_SELF = YES;
				CLANG_WARN_OBJC_LITERAL_CONVERSION = YES;
				CLANG_WARN_OBJC_ROOT_CLASS = YES_ERROR;
				CLANG_WARN_RANGE_LOOP_ANALYSIS = YES;
				CLANG_WARN_STRICT_PROTOTYPES = YES;
				CLANG_WARN_SUSPICIOUS_MOVE = YES;
				CLANG_WARN_UNGUARDED_AVAILABILITY = YES_AGGRESSIVE;
				CLANG_WARN_UNREACHABLE_CODE = YES;
				CLANG_WARN__DUPLICATE_METHOD_MATCH = YES;
				COPY_PHASE_STRIP = NO;
				DEBUG_INFORMATION_FORMAT = "dwarf-with-dsym";
				ENABLE_NS_ASSERTIONS = NO;
				ENABLE_STRICT_OBJC_MSGSEND = YES;
				GCC_C_LANGUAGE_STANDARD = gnu11;
				GCC_NO_COMMON_BLOCKS = YES;
				GCC_WARN_64_TO_32_BIT_CONVERSION = YES;
				GCC_WARN_ABOUT_RETURN_TYPE = YES_ERROR;
				GCC_WARN_UNDECLARED_SELECTOR = YES;
				GCC_WARN_UNINITIALIZED_AUTOS = YES_AGGRESSIVE;
				GCC_WARN_UNUSED_FUNCTION = YES;
				GCC_WARN_UNUSED_VARIABLE = YES;
				IPHONEOS_DEPLOYMENT_TARGET = 13.2;
				MTL_ENABLE_DEBUG_INFO = NO;
				MTL_FAST_MATH = YES;
				SDKROOT = iphoneos;
				SWIFT_COMPILATION_MODE = wholemodule;
				SWIFT_OPTIMIZATION_LEVEL = "-O";
				VALIDATE_PRODUCT = YES;
			};
			name = Release;
		};
		C4BAEC7923855FE700B52987 /* Debug */ = {
			isa = XCBuildConfiguration;
			buildSettings = {
				ASSETCATALOG_COMPILER_APPICON_NAME = AppIcon;
				CLANG_ENABLE_MODULES = YES;
				CODE_SIGN_STYLE = Automatic;
				INFOPLIST_FILE = "iOS Example/Info.plist";
				LD_RUNPATH_SEARCH_PATHS = (
					"$(inherited)",
					"@executable_path/Frameworks",
				);
				PRODUCT_BUNDLE_IDENTIFIER = "net.phor.iOS-Example";
				PRODUCT_NAME = "$(TARGET_NAME)";
				SWIFT_OBJC_BRIDGING_HEADER = "iOS Example/iOS Example-Bridging-Header.h";
				SWIFT_OPTIMIZATION_LEVEL = "-Onone";
				SWIFT_VERSION = 5.0;
				TARGETED_DEVICE_FAMILY = "1,2";
			};
			name = Debug;
		};
		C4BAEC7A23855FE700B52987 /* Release */ = {
			isa = XCBuildConfiguration;
			buildSettings = {
				ASSETCATALOG_COMPILER_APPICON_NAME = AppIcon;
				CLANG_ENABLE_MODULES = YES;
				CODE_SIGN_STYLE = Automatic;
				INFOPLIST_FILE = "iOS Example/Info.plist";
				LD_RUNPATH_SEARCH_PATHS = (
					"$(inherited)",
					"@executable_path/Frameworks",
				);
				PRODUCT_BUNDLE_IDENTIFIER = "net.phor.iOS-Example";
				PRODUCT_NAME = "$(TARGET_NAME)";
				SWIFT_OBJC_BRIDGING_HEADER = "iOS Example/iOS Example-Bridging-Header.h";
				SWIFT_VERSION = 5.0;
				TARGETED_DEVICE_FAMILY = "1,2";
			};
			name = Release;
		};
/* End XCBuildConfiguration section */

/* Begin XCConfigurationList section */
		C4BAEC5F23855FE600B52987 /* Build configuration list for PBXProject "iOS Example" */ = {
			isa = XCConfigurationList;
			buildConfigurations = (
				C4BAEC7623855FE700B52987 /* Debug */,
				C4BAEC7723855FE700B52987 /* Release */,
			);
			defaultConfigurationIsVisible = 0;
			defaultConfigurationName = Release;
		};
		C4BAEC7823855FE700B52987 /* Build configuration list for PBXNativeTarget "iOS Example" */ = {
			isa = XCConfigurationList;
			buildConfigurations = (
				C4BAEC7923855FE700B52987 /* Debug */,
				C4BAEC7A23855FE700B52987 /* Release */,
			);
			defaultConfigurationIsVisible = 0;
			defaultConfigurationName = Release;
		};
/* End XCConfigurationList section */

/* Begin XCSwiftPackageProductDependency section */
		C4BAEC7C2385602E00B52987 /* FSLineChart */ = {
			isa = XCSwiftPackageProductDependency;
			productName = FSLineChart;
		};
/* End XCSwiftPackageProductDependency section */
	};
	rootObject = C4BAEC5C23855FE600B52987 /* Project object */;
}
